
Microsoft Visual Studio Solution File, Format Version 12.00
# Visual Studio Version 17
VisualStudioVersion = 17.14.36401.2 d17.14
MinimumVisualStudioVersion = 10.0.40219.1
Project("{FAE04EC0-301F-11D3-BF4B-00C04F79EFBC}") = "MultipleConditionsDemo", "MultipleConditionsDemo\MultipleConditionsDemo.csproj", "{D2AE5921-D214-479E-9D52-1D8558B57695}"
EndProject
Global
	GlobalSection(SolutionConfigurationPlatforms) = preSolution
		Debug|Any CPU = Debug|Any CPU
		Release|Any CPU = Release|Any CPU
	EndGlobalSection
	GlobalSection(ProjectConfigurationPlatforms) = postSolution
		{D2AE5921-D214-479E-9D52-1D8558B57695}.Debug|Any CPU.ActiveCfg = Debug|Any CPU
		{D2AE5921-D214-479E-9D52-1D8558B57695}.Debug|Any CPU.Build.0 = Debug|Any CPU
		{D2AE5921-D214-479E-9D52-1D8558B57695}.Release|Any CPU.ActiveCfg = Release|Any CPU
		{D2AE5921-D214-479E-9D52-1D8558B57695}.Release|Any CPU.Build.0 = Release|Any CPU
	EndGlobalSection
	GlobalSection(SolutionProperties) = preSolution
		HideSolutionNode = FALSE
	EndGlobalSection
	GlobalSection(ExtensibilityGlobals) = postSolution
		SolutionGuid = {424CA789-B7B6-4E5B-B7F6-51086E9AB7E2}
	EndGlobalSection
EndGlobal
