
Microsoft Visual Studio Solution File, Format Version 12.00
# Visual Studio Version 17
VisualStudioVersion = 17.14.36401.2 d17.14
MinimumVisualStudioVersion = 10.0.40219.1
Project("{FAE04EC0-301F-11D3-BF4B-00C04F79EFBC}") = "Calorie Counter", "Calorie Counter\Calorie Counter.csproj", "{53ED7793-1E84-444C-8FA9-AAE88A6A2F42}"
EndProject
Global
	GlobalSection(SolutionConfigurationPlatforms) = preSolution
		Debug|Any CPU = Debug|Any CPU
		Release|Any CPU = Release|Any CPU
	EndGlobalSection
	GlobalSection(ProjectConfigurationPlatforms) = postSolution
		{53ED7793-1E84-444C-8FA9-AAE88A6A2F42}.Debug|Any CPU.ActiveCfg = Debug|Any CPU
		{53ED7793-1E84-444C-8FA9-AAE88A6A2F42}.Debug|Any CPU.Build.0 = Debug|Any CPU
		{53ED7793-1E84-444C-8FA9-AAE88A6A2F42}.Release|Any CPU.ActiveCfg = Release|Any CPU
		{53ED7793-1E84-444C-8FA9-AAE88A6A2F42}.Release|Any CPU.Build.0 = Release|Any CPU
	EndGlobalSection
	GlobalSection(SolutionProperties) = preSolution
		HideSolutionNode = FALSE
	EndGlobalSection
	GlobalSection(ExtensibilityGlobals) = postSolution
		SolutionGuid = {3A214B9A-054F-4A5D-8A42-BCD3C87991A1}
	EndGlobalSection
EndGlobal
